{
  "name": "mmm-pool-snapshot",
  "version": "1.0.0",
  "lockfileVersion": 3,
  "requires": true,
  "packages": {
    "": {
      "name": "mmm-pool-snapshot",
      "version": "1.0.0",
      "dependencies": {
        "bs58check": "^3.0.1"
      },
      "engines": {
        "node": ">=18"
      }
    },
    "node_modules/@noble/hashes": {
      "version": "1.8.0",
      "resolved": "https://registry.npmmirror.com/@noble/hashes/-/hashes-1.8.0.tgz",
      "integrity": "sha512-jCs9ldd7NwzpgXDIf6P3+NrHh9/sD6CQdxHyjQI+h/6rDNo88ypBxxz45UDuZHz9r3tNz7N/VInSVoVdtXEI4A==",
      "license": "MIT",
      "engines": {
        "node": "^14.21.3 || >=16"
      },
      "funding": {
        "url": "https://paulmillr.com/funding/"
      }
    },
    "node_modules/base-x": {
      "version": "4.0.1",
      "resolved": "https://registry.npmmirror.com/base-x/-/base-x-4.0.1.tgz",
      "integrity": "sha512-uAZ8x6r6S3aUM9rbHGVOIsR15U/ZSc82b3ymnCPsT45Gk1DDvhDPdIgB5MrhirZWt+5K0EEPQH985kNqZgNPFw==",
      "license": "MIT"
    },
    "node_modules/bs58": {
      "version": "5.0.0",
      "resolved": "https://registry.npmmirror.com/bs58/-/bs58-5.0.0.tgz",
      "integrity": "sha512-r+ihvQJvahgYT50JD05dyJNKlmmSlMoOGwn1lCcEzanPglg7TxYjioQUYehQ9mAR/+hOSd2jRc/Z2y5UxBymvQ==",
      "license": "MIT",
      "dependencies": {
        "base-x": "^4.0.0"
      }
    },
    "node_modules/bs58check": {
      "version": "3.0.1",
      "resolved": "https://registry.npmmirror.com/bs58check/-/bs58check-3.0.1.tgz",
      "integrity": "sha512-hjuuJvoWEybo7Hn/0xOrczQKKEKD63WguEjlhLExYs2wUBcebDC1jDNK17eEAD2lYfw82d5ASC1d7K3SWszjaQ==",
      "license": "MIT",
      "dependencies": {
        "@noble/hashes": "^1.2.0",
        "bs58": "^5.0.0"
      }
    }
  }
}
